// !$*UTF8*$!
{
	archiveVersion = 1;
	classes = {
	};
	objectVersion = 46;
	objects = {

/* Begin PBXBuildFile section */
		3AA8D5C51CCEB54400FAF1B4 /* AppDelegate.swift in Sources */ = {isa = PBXBuildFile; fileRef = 3AA8D5C41CCEB54400FAF1B4 /* AppDelegate.swift */; };
		3AA8D5C71CCEB54400FAF1B4 /* ViewController.swift in Sources */ = {isa = PBXBuildFile; fileRef = 3AA8D5C61CCEB54400FAF1B4 /* ViewController.swift */; };
		3AA8D5CA1CCEB54400FAF1B4 /* Main.storyboard in Resources */ = {isa = PBXBuildFile; fileRef = 3AA8D5C81CCEB54400FAF1B4 /* Main.storyboard */; };
		3AA8D5CC1CCEB54400FAF1B4 /* Assets.xcassets in Resources */ = {isa = PBXBuildFile; fileRef = 3AA8D5CB1CCEB54400FAF1B4 /* Assets.xcassets */; };
		3AA8D5CF1CCEB54400FAF1B4 /* LaunchScreen.storyboard in Resources */ = {isa = PBXBuildFile; fileRef = 3AA8D5CD1CCEB54400FAF1B4 /* LaunchScreen.storyboard */; };
		3AA8D5D71CCEB6D700FAF1B4 /* Constants.swift in Sources */ = {isa = PBXBuildFile; fileRef = 3AA8D5D61CCEB6D700FAF1B4 /* Constants.swift */; };
/* End PBXBuildFile section */

/* Begin PBXFileReference section */
		3AA8D5C11CCEB54400FAF1B4 /* ForcedPerspectives.app */ = {isa = PBXFileReference; explicitFileType = wrapper.application; includeInIndex = 0; path = ForcedPerspectives.app; sourceTree = BUILT_PRODUCTS_DIR; };
		3AA8D5C41CCEB54400FAF1B4 /* AppDelegate.swift */ = {isa = PBXFileReference; lastKnownFileType = sourcecode.swift; path = AppDelegate.swift; sourceTree = "<group>"; };
		3AA8D5C61CCEB54400FAF1B4 /* ViewController.swift */ = {isa = PBXFileReference; lastKnownFileType = sourcecode.swift; path = ViewController.swift; sourceTree = "<group>"; };
		3AA8D5C91CCEB54400FAF1B4 /* Base */ = {isa = PBXFileReference; lastKnownFileType = file.storyboard; name = Base; path = Base.lproj/Main.storyboard; sourceTree = "<group>"; };
		3AA8D5CB1CCEB54400FAF1B4 /* Assets.xcassets */ = {isa = PBXFileReference; lastKnownFileType = folder.assetcatalog; path = Assets.xcassets; sourceTree = "<group>"; };
		3AA8D5CE1CCEB54400FAF1B4 /* Base */ = {isa = PBXFileReference; lastKnownFileType = file.storyboard; name = Base; path = Base.lproj/LaunchScreen.storyboard; sourceTree = "<group>"; };
		3AA8D5D01CCEB54400FAF1B4 /* Info.plist */ = {isa = PBXFileReference; lastKnownFileType = text.plist.xml; path = Info.plist; sourceTree = "<group>"; };
		3AA8D5D61CCEB6D700FAF1B4 /* Constants.swift */ = {isa = PBXFileReference; fileEncoding = 4; lastKnownFileType = sourcecode.swift; path = Constants.swift; sourceTree = "<group>"; };
/* End PBXFileReference section */

/* Begin PBXFrameworksBuildPhase section */
		3AA8D5BE1CCEB54400FAF1B4 /* Frameworks */ = {
			isa = PBXFrameworksBuildPhase;
			buildActionMask = 2147483647;
			files = (
			);
			runOnlyForDeploymentPostprocessing = 0;
		};
/* End PBXFrameworksBuildPhase section */

/* Begin PBXGroup section */
		3AA8D5B81CCEB54400FAF1B4 = {
			isa = PBXGroup;
			children = (
				3AA8D5C31CCEB54400FAF1B4 /* ForcedPerspectives */,
				3AA8D5C21CCEB54400FAF1B4 /* Products */,
			);
			sourceTree = "<group>";
		};
		3AA8D5C21CCEB54400FAF1B4 /* Products */ = {
			isa = PBXGroup;
			children = (
				3AA8D5C11CCEB54400FAF1B4 /* ForcedPerspectives.app */,
			);
			name = Products;
			sourceTree = "<group>";
		};
		3AA8D5C31CCEB54400FAF1B4 /* ForcedPerspectives */ = {
			isa = PBXGroup;
			children = (
				3AA8D5C41CCEB54400FAF1B4 /* AppDelegate.swift */,
				3AA8D5C61CCEB54400FAF1B4 /* ViewController.swift */,
				3AA8D5D61CCEB6D700FAF1B4 /* Constants.swift */,
				3AA8D5C81CCEB54400FAF1B4 /* Main.storyboard */,
				3AA8D5CB1CCEB54400FAF1B4 /* Assets.xcassets */,
				3AA8D5CD1CCEB54400FAF1B4 /* LaunchScreen.storyboard */,
				3AA8D5D01CCEB54400FAF1B4 /* Info.plist */,
			);
			path = ForcedPerspectives;
			sourceTree = "<group>";
		};
/* End PBXGroup section */

/* Begin PBXNativeTarget section */
		3AA8D5C01CCEB54400FAF1B4 /* ForcedPerspectives */ = {
			isa = PBXNativeTarget;
			buildConfigurationList = 3AA8D5D31CCEB54400FAF1B4 /* Build configuration list for PBXNativeTarget "ForcedPerspectives" */;
			buildPhases = (
				3AA8D5BD1CCEB54400FAF1B4 /* Sources */,
				3AA8D5BE1CCEB54400FAF1B4 /* Frameworks */,
				3AA8D5BF1CCEB54400FAF1B4 /* Resources */,
			);
			buildRules = (
			);
			dependencies = (
			);
			name = ForcedPerspectives;
			productName = ForcedPerspectives;
			productReference = 3AA8D5C11CCEB54400FAF1B4 /* ForcedPerspectives.app */;
			productType = "com.apple.product-type.application";
		};
/* End PBXNativeTarget section */

/* Begin PBXProject section */
		3AA8D5B91CCEB54400FAF1B4 /* Project object */ = {
			isa = PBXProject;
			attributes = {
				LastSwiftUpdateCheck = 0730;
				LastUpgradeCheck = 0730;
				ORGANIZATIONNAME = swift;
				TargetAttributes = {
					3AA8D5C01CCEB54400FAF1B4 = {
						CreatedOnToolsVersion = 7.3;
						DevelopmentTeam = D2F2T8U3WB;
					};
				};
			};
			buildConfigurationList = 3AA8D5BC1CCEB54400FAF1B4 /* Build configuration list for PBXProject "ForcedPerspectives" */;
			compatibilityVersion = "Xcode 3.2";
			developmentRegion = English;
			hasScannedForEncodings = 0;
			knownRegions = (
				en,
				Base,
			);
			mainGroup = 3AA8D5B81CCEB54400FAF1B4;
			productRefGroup = 3AA8D5C21CCEB54400FAF1B4 /* Products */;
			projectDirPath = "";
			projectRoot = "";
			targets = (
				3AA8D5C01CCEB54400FAF1B4 /* ForcedPerspectives */,
			);
		};
/* End PBXProject section */

/* Begin PBXResourcesBuildPhase section */
		3AA8D5BF1CCEB54400FAF1B4 /* Resources */ = {
			isa = PBXResourcesBuildPhase;
			buildActionMask = 2147483647;
			files = (
				3AA8D5CF1CCEB54400FAF1B4 /* LaunchScreen.storyboard in Resources */,
				3AA8D5CC1CCEB54400FAF1B4 /* Assets.xcassets in Resources */,
				3AA8D5CA1CCEB54400FAF1B4 /* Main.storyboard in Resources */,
			);
			runOnlyForDeploymentPostprocessing = 0;
		};
/* End PBXResourcesBuildPhase section */

/* Begin PBXSourcesBuildPhase section */
		3AA8D5BD1CCEB54400FAF1B4 /* Sources */ = {
			isa = PBXSourcesBuildPhase;
			buildActionMask = 2147483647;
			files = (
				3AA8D5C71CCEB54400FAF1B4 /* ViewController.swift in Sources */,
				3AA8D5C51CCEB54400FAF1B4 /* AppDelegate.swift in Sources */,
				3AA8D5D71CCEB6D700FAF1B4 /* Constants.swift in Sources */,
			);
			runOnlyForDeploymentPostprocessing = 0;
		};
/* End PBXSourcesBuildPhase section */

/* Begin PBXVariantGroup section */
		3AA8D5C81CCEB54400FAF1B4 /* Main.storyboard */ = {
			isa = PBXVariantGroup;
			children = (
				3AA8D5C91CCEB54400FAF1B4 /* Base */,
			);
			name = Main.storyboard;
			sourceTree = "<group>";
		};
		3AA8D5CD1CCEB54400FAF1B4 /* LaunchScreen.storyboard */ = {
			isa = PBXVariantGroup;
			children = (
				3AA8D5CE1CCEB54400FAF1B4 /* Base */,
			);
			name = LaunchScreen.storyboard;
			sourceTree = "<group>";
		};
/* End PBXVariantGroup section */

/* Begin XCBuildConfiguration section */
		3AA8D5D11CCEB54400FAF1B4 /* Debug */ = {
			isa = XCBuildConfiguration;
			buildSettings = {
				ALWAYS_SEARCH_USER_PATHS = NO;
				CLANG_ANALYZER_NONNULL = YES;
				CLANG_CXX_LANGUAGE_STANDARD = "gnu++0x";
				CLANG_CXX_LIBRARY = "libc++";
				CLANG_ENABLE_MODULES = YES;
				CLANG_ENABLE_OBJC_ARC = YES;
				CLANG_WARN_BOOL_CONVERSION = YES;
				CLANG_WARN_CONSTANT_CONVERSION = YES;
				CLANG_WARN_DIRECT_OBJC_ISA_USAGE = YES_ERROR;
				CLANG_WARN_EMPTY_BODY = YES;
				CLANG_WARN_ENUM_CONVERSION = YES;
				CLANG_WARN_INT_CONVERSION = YES;
				CLANG_WARN_OBJC_ROOT_CLASS = YES_ERROR;
				CLANG_WARN_UNREACHABLE_CODE = YES;
				CLANG_WARN__DUPLICATE_METHOD_MATCH = YES;
				"CODE_SIGN_IDENTITY[sdk=iphoneos*]" = "iPhone Developer";
				COPY_PHASE_STRIP = NO;
				DEBUG_INFORMATION_FORMAT = dwarf;
				ENABLE_STRICT_OBJC_MSGSEND = YES;
				ENABLE_TESTABILITY = YES;
				GCC_C_LANGUAGE_STANDARD = gnu99;
				GCC_DYNAMIC_NO_PIC = NO;
				GCC_NO_COMMON_BLOCKS = YES;
				GCC_OPTIMIZATION_LEVEL = 0;
				GCC_PREPROCESSOR_DEFINITIONS = (
					"DEBUG=1",
					"$(inherited)",
				);
				GCC_WARN_64_TO_32_BIT_CONVERSION = YES;
				GCC_WARN_ABOUT_RETURN_TYPE = YES_ERROR;
				GCC_WARN_UNDECLARED_SELECTOR = YES;
				GCC_WARN_UNINITIALIZED_AUTOS = YES_AGGRESSIVE;
				GCC_WARN_UNUSED_FUNCTION = YES;
				GCC_WARN_UNUSED_VARIABLE = YES;
				IPHONEOS_DEPLOYMENT_TARGET = 9.3;
				MTL_ENABLE_DEBUG_INFO = YES;
				ONLY_ACTIVE_ARCH = YES;
				SDKROOT = iphoneos;
				SWIFT_OPTIMIZATION_LEVEL = "-Onone";
			};
			name = Debug;
		};
		3AA8D5D21CCEB54400FAF1B4 /* Release */ = {
			isa = XCBuildConfiguration;
			buildSettings = {
				ALWAYS_SEARCH_USER_PATHS = NO;
				CLANG_ANALYZER_NONNULL = YES;
				CLANG_CXX_LANGUAGE_STANDARD = "gnu++0x";
				CLANG_CXX_LIBRARY = "libc++";
				CLANG_ENABLE_MODULES = YES;
				CLANG_ENABLE_OBJC_ARC = YES;
				CLANG_WARN_BOOL_CONVERSION = YES;
				CLANG_WARN_CONSTANT_CONVERSION = YES;
				CLANG_WARN_DIRECT_OBJC_ISA_USAGE = YES_ERROR;
				CLANG_WARN_EMPTY_BODY = YES;
				CLANG_WARN_ENUM_CONVERSION = YES;
				CLANG_WARN_INT_CONVERSION = YES;
				CLANG_WARN_OBJC_ROOT_CLASS = YES_ERROR;
				CLANG_WARN_UNREACHABLE_CODE = YES;
				CLANG_WARN__DUPLICATE_METHOD_MATCH = YES;
				"CODE_SIGN_IDENTITY[sdk=iphoneos*]" = "iPhone Developer";
				COPY_PHASE_STRIP = NO;
				DEBUG_INFORMATION_FORMAT = "dwarf-with-dsym";
				ENABLE_NS_ASSERTIONS = NO;
				ENABLE_STRICT_OBJC_MSGSEND = YES;
				GCC_C_LANGUAGE_STANDARD = gnu99;
				GCC_NO_COMMON_BLOCKS = YES;
				GCC_WARN_64_TO_32_BIT_CONVERSION = YES;
				GCC_WARN_ABOUT_RETURN_TYPE = YES_ERROR;
				GCC_WARN_UNDECLARED_SELECTOR = YES;
				GCC_WARN_UNINITIALIZED_AUTOS = YES_AGGRESSIVE;
				GCC_WARN_UNUSED_FUNCTION = YES;
				GCC_WARN_UNUSED_VARIABLE = YES;
				IPHONEOS_DEPLOYMENT_TARGET = 9.3;
				MTL_ENABLE_DEBUG_INFO = NO;
				SDKROOT = iphoneos;
				VALIDATE_PRODUCT = YES;
			};
			name = Release;
		};
		3AA8D5D41CCEB54400FAF1B4 /* Debug */ = {
			isa = XCBuildConfiguration;
			buildSettings = {
				ASSETCATALOG_COMPILER_APPICON_NAME = AppIcon;
				INFOPLIST_FILE = ForcedPerspectives/Info.plist;
				LD_RUNPATH_SEARCH_PATHS = "$(inherited) @executable_path/Frameworks";
				PRODUCT_BUNDLE_IDENTIFIER = com.montalto.ForcedPerspectives;
				PRODUCT_NAME = "$(TARGET_NAME)";
			};
			name = Debug;
		};
		3AA8D5D51CCEB54400FAF1B4 /* Release */ = {
			isa = XCBuildConfiguration;
			buildSettings = {
				ASSETCATALOG_COMPILER_APPICON_NAME = AppIcon;
				INFOPLIST_FILE = ForcedPerspectives/Info.plist;
				LD_RUNPATH_SEARCH_PATHS = "$(inherited) @executable_path/Frameworks";
				PRODUCT_BUNDLE_IDENTIFIER = com.montalto.ForcedPerspectives;
				PRODUCT_NAME = "$(TARGET_NAME)";
			};
			name = Release;
		};
/* End XCBuildConfiguration section */

/* Begin XCConfigurationList section */
		3AA8D5BC1CCEB54400FAF1B4 /* Build configuration list for PBXProject "ForcedPerspectives" */ = {
			isa = XCConfigurationList;
			buildConfigurations = (
				3AA8D5D11CCEB54400FAF1B4 /* Debug */,
				3AA8D5D21CCEB54400FAF1B4 /* Release */,
			);
			defaultConfigurationIsVisible = 0;
			defaultConfigurationName = Release;
		};
		3AA8D5D31CCEB54400FAF1B4 /* Build configuration list for PBXNativeTarget "ForcedPerspectives" */ = {
			isa = XCConfigurationList;
			buildConfigurations = (
				3AA8D5D41CCEB54400FAF1B4 /* Debug */,
				3AA8D5D51CCEB54400FAF1B4 /* Release */,
			);
			defaultConfigurationIsVisible = 0;
		};
/* End XCConfigurationList section */
	};
	rootObject = 3AA8D5B91CCEB54400FAF1B4 /* Project object */;
}
